
Microsoft Visual Studio Solution File, Format Version 12.00
# Visual Studio Version 16
VisualStudioVersion = 16.0.31205.134
MinimumVisualStudioVersion = 10.0.40219.1
Project("{FAE04EC0-301F-11D3-BF4B-00C04F79EFBC}") = "SalesWebMvc", "SalesWebMvc\SalesWebMvc.csproj", "{1676764D-9A45-4023-8308-700FA35BA2F7}"
EndProject
Global
	GlobalSection(SolutionConfigurationPlatforms) = preSolution
		Debug|Any CPU = Debug|Any CPU
		Release|Any CPU = Release|Any CPU
	EndGlobalSection
	GlobalSection(ProjectConfigurationPlatforms) = postSolution
		{1676764D-9A45-4023-8308-700FA35BA2F7}.Debug|Any CPU.ActiveCfg = Debug|Any CPU
		{1676764D-9A45-4023-8308-700FA35BA2F7}.Debug|Any CPU.Build.0 = Debug|Any CPU
		{1676764D-9A45-4023-8308-700FA35BA2F7}.Release|Any CPU.ActiveCfg = Release|Any CPU
		{1676764D-9A45-4023-8308-700FA35BA2F7}.Release|Any CPU.Build.0 = Release|Any CPU
	EndGlobalSection
	GlobalSection(SolutionProperties) = preSolution
		HideSolutionNode = FALSE
	EndGlobalSection
	GlobalSection(ExtensibilityGlobals) = postSolution
		SolutionGuid = {8E50DE1A-B19B-4F7C-B24D-B07D3644F718}
	EndGlobalSection
EndGlobal
